
Microsoft Visual Studio Solution File, Format Version 12.00
# Visual Studio 2013
VisualStudioVersion = 12.0.31101.0
MinimumVisualStudioVersion = 10.0.40219.1
Project("{FAE04EC0-301F-11D3-BF4B-00C04F79EFBC}") = "OilAndGasForm", "OilAndGasForm\OilAndGasForm.csproj", "{5EB941E4-9306-4652-B883-A2A37AA8F229}"
EndProject
Project("{FAE04EC0-301F-11D3-BF4B-00C04F79EFBC}") = "OilAndGasProcessor", "OilAndGasProcessor\OilAndGasProcessor.csproj", "{C068E832-2CD1-4D25-AB99-5FC7805CDAF3}"
EndProject
Project("{FAE04EC0-301F-11D3-BF4B-00C04F79EFBC}") = "OilAndGasProcessorTests", "OilAndGasProcessorTests\OilAndGasProcessorTests.csproj", "{55C98454-100D-4268-BBE4-9C6DB01822B3}"
EndProject
Project("{FAE04EC0-301F-11D3-BF4B-00C04F79EFBC}") = "Core", "Core\Core.csproj", "{FD9C5050-22AE-4ED0-A585-8DAFF8577408}"
EndProject
Global
	GlobalSection(SolutionConfigurationPlatforms) = preSolution
		Debug|Any CPU = Debug|Any CPU
		Release|Any CPU = Release|Any CPU
	EndGlobalSection
	GlobalSection(ProjectConfigurationPlatforms) = postSolution
		{5EB941E4-9306-4652-B883-A2A37AA8F229}.Debug|Any CPU.ActiveCfg = Debug|Any CPU
		{5EB941E4-9306-4652-B883-A2A37AA8F229}.Debug|Any CPU.Build.0 = Debug|Any CPU
		{5EB941E4-9306-4652-B883-A2A37AA8F229}.Release|Any CPU.ActiveCfg = Release|Any CPU
		{5EB941E4-9306-4652-B883-A2A37AA8F229}.Release|Any CPU.Build.0 = Release|Any CPU
		{C068E832-2CD1-4D25-AB99-5FC7805CDAF3}.Debug|Any CPU.ActiveCfg = Debug|Any CPU
		{C068E832-2CD1-4D25-AB99-5FC7805CDAF3}.Debug|Any CPU.Build.0 = Debug|Any CPU
		{C068E832-2CD1-4D25-AB99-5FC7805CDAF3}.Release|Any CPU.ActiveCfg = Release|Any CPU
		{C068E832-2CD1-4D25-AB99-5FC7805CDAF3}.Release|Any CPU.Build.0 = Release|Any CPU
		{55C98454-100D-4268-BBE4-9C6DB01822B3}.Debug|Any CPU.ActiveCfg = Debug|Any CPU
		{55C98454-100D-4268-BBE4-9C6DB01822B3}.Debug|Any CPU.Build.0 = Debug|Any CPU
		{55C98454-100D-4268-BBE4-9C6DB01822B3}.Release|Any CPU.ActiveCfg = Release|Any CPU
		{55C98454-100D-4268-BBE4-9C6DB01822B3}.Release|Any CPU.Build.0 = Release|Any CPU
		{FD9C5050-22AE-4ED0-A585-8DAFF8577408}.Debug|Any CPU.ActiveCfg = Debug|Any CPU
		{FD9C5050-22AE-4ED0-A585-8DAFF8577408}.Debug|Any CPU.Build.0 = Debug|Any CPU
		{FD9C5050-22AE-4ED0-A585-8DAFF8577408}.Release|Any CPU.ActiveCfg = Release|Any CPU
		{FD9C5050-22AE-4ED0-A585-8DAFF8577408}.Release|Any CPU.Build.0 = Release|Any CPU
	EndGlobalSection
	GlobalSection(SolutionProperties) = preSolution
		HideSolutionNode = FALSE
	EndGlobalSection
EndGlobal
